
Microsoft Visual Studio Solution File, Format Version 12.00
# Visual Studio Version 16
VisualStudioVersion = 16.0.31702.278
MinimumVisualStudioVersion = 10.0.40219.1
Project("{8BC9CEB8-8B4A-11D0-8D11-00A0C91BC942}") = "CS111_Pointers_F21", "CS111_Pointers_F21\CS111_Pointers_F21.vcxproj", "{AAC24F76-6070-4FA4-8230-7F0E468A0E72}"
EndProject
Global
	GlobalSection(SolutionConfigurationPlatforms) = preSolution
		Debug|x64 = Debug|x64
		Debug|x86 = Debug|x86
		Release|x64 = Release|x64
		Release|x86 = Release|x86
	EndGlobalSection
	GlobalSection(ProjectConfigurationPlatforms) = postSolution
		{AAC24F76-6070-4FA4-8230-7F0E468A0E72}.Debug|x64.ActiveCfg = Debug|x64
		{AAC24F76-6070-4FA4-8230-7F0E468A0E72}.Debug|x64.Build.0 = Debug|x64
		{AAC24F76-6070-4FA4-8230-7F0E468A0E72}.Debug|x86.ActiveCfg = Debug|Win32
		{AAC24F76-6070-4FA4-8230-7F0E468A0E72}.Debug|x86.Build.0 = Debug|Win32
		{AAC24F76-6070-4FA4-8230-7F0E468A0E72}.Release|x64.ActiveCfg = Release|x64
		{AAC24F76-6070-4FA4-8230-7F0E468A0E72}.Release|x64.Build.0 = Release|x64
		{AAC24F76-6070-4FA4-8230-7F0E468A0E72}.Release|x86.ActiveCfg = Release|Win32
		{AAC24F76-6070-4FA4-8230-7F0E468A0E72}.Release|x86.Build.0 = Release|Win32
	EndGlobalSection
	GlobalSection(SolutionProperties) = preSolution
		HideSolutionNode = FALSE
	EndGlobalSection
	GlobalSection(ExtensibilityGlobals) = postSolution
		SolutionGuid = {92B3E982-C886-4A3E-898E-9760B92D71D4}
	EndGlobalSection
EndGlobal
